# This file is automatically @generated by Cargo.
# It is not intended for manual editing.
version = 3

[[package]]
name = "cc"
version = "1.1.19"
source = "registry+https://github.com/rust-lang/crates.io-index"
checksum = "2d74707dde2ba56f86ae90effb3b43ddd369504387e718014de010cec7959800"
dependencies = [
 "shlex",
]

[[package]]
name = "cmake"
version = "0.1.51"
source = "registry+https://github.com/rust-lang/crates.io-index"
checksum = "fb1e43aa7fd152b1f968787f7dbcdeb306d1867ff373c69955211876c053f91a"
dependencies = [
 "cc",
]

[[package]]
name = "shlex"
version = "1.3.0"
source = "registry+https://github.com/rust-lang/crates.io-index"
checksum = "0fda2ff0d084019ba4d7c6f371c95d8fd75ce3524c3cb8fb653a3023f6323e64"

[[package]]
name = "using-a-c-libarary-with-rust"
version = "0.1.0"
dependencies = [
 "cmake",
]
